
Microsoft Visual Studio Solution File, Format Version 12.00
# Visual Studio 2013
VisualStudioVersion = 12.0.31101.0
MinimumVisualStudioVersion = 10.0.40219.1
Project("{FAE04EC0-301F-11D3-BF4B-00C04F79EFBC}") = "K2.KPRXAnalyzer", "K2.KPRXAnalyzer\K2.KPRXAnalyzer.csproj", "{34A95056-359B-42D1-BE50-9362A38D71D8}"
EndProject
Global
	GlobalSection(SolutionConfigurationPlatforms) = preSolution
		Debug|Any CPU = Debug|Any CPU
		Release|Any CPU = Release|Any CPU
	EndGlobalSection
	GlobalSection(ProjectConfigurationPlatforms) = postSolution
		{34A95056-359B-42D1-BE50-9362A38D71D8}.Debug|Any CPU.ActiveCfg = Debug|Any CPU
		{34A95056-359B-42D1-BE50-9362A38D71D8}.Debug|Any CPU.Build.0 = Debug|Any CPU
		{34A95056-359B-42D1-BE50-9362A38D71D8}.Release|Any CPU.ActiveCfg = Release|Any CPU
		{34A95056-359B-42D1-BE50-9362A38D71D8}.Release|Any CPU.Build.0 = Release|Any CPU
	EndGlobalSection
	GlobalSection(SolutionProperties) = preSolution
		HideSolutionNode = FALSE
	EndGlobalSection
EndGlobal
